
Microsoft Visual Studio Solution File, Format Version 12.00
Project("{FAE04EC0-301F-11D3-BF4B-00C04F79EFBC}") = "PackingList2", "PackingList2\PackingList2.csproj", "{9ABDA2B4-039F-4322-A422-39B7EEC4416F}"
EndProject
Global
	GlobalSection(SolutionConfigurationPlatforms) = preSolution
		Debug|Any CPU = Debug|Any CPU
		Release|Any CPU = Release|Any CPU
	EndGlobalSection
	GlobalSection(ProjectConfigurationPlatforms) = postSolution
		{9ABDA2B4-039F-4322-A422-39B7EEC4416F}.Debug|Any CPU.ActiveCfg = Debug|Any CPU
		{9ABDA2B4-039F-4322-A422-39B7EEC4416F}.Debug|Any CPU.Build.0 = Debug|Any CPU
		{9ABDA2B4-039F-4322-A422-39B7EEC4416F}.Release|Any CPU.ActiveCfg = Release|Any CPU
		{9ABDA2B4-039F-4322-A422-39B7EEC4416F}.Release|Any CPU.Build.0 = Release|Any CPU
	EndGlobalSection
EndGlobal
